<?xml version="1.0" encoding="utf-8"?>
<Project ToolsVersion="4.0" xmlns="http://schemas.microsoft.com/developer/msbuild/2003">
  <ItemGroup>
    <Filter Include="src">
      <UniqueIdentifier>{d0c45ae1-b1d5-45cf-a569-6d4cea7f7337}</UniqueIdentifier>
    </Filter>
    <Filter Include="src\Core">
      <UniqueIdentifier>{90334991-7d5c-46b0-8821-e01b39d51713}</UniqueIdentifier>
    </Filter>
    <Filter Include="src\Entities">
      <UniqueIdentifier>{e4110741-b421-4277-b8e9-be5b08fe3cfa}</UniqueIdentifier>
    </Filter>
  </ItemGroup>
  <ItemGroup>
    <ClInclude Include="src\precomp.h">
      <Filter>src</Filter>
    </ClInclude>
    <ClInclude Include="src\Core\GameApp.h">
      <Filter>src\Core</Filter>
    </ClInclude>
    <ClInclude Include="src\Entities\CameraController.h">
      <Filter>src\Entities</Filter>
    </ClInclude>
    <ClInclude Include="src\Entities\StaticImage.h">
      <Filter>src\Entities</Filter>
    </ClInclude>
    <ClInclude Include="src\Entities\PlayerController.h">
      <Filter>src\Entities</Filter>
    </ClInclude>
    <ClInclude Include="src\Entities\BallController.h">
      <Filter>src\Entities</Filter>
    </ClInclude>
    <ClInclude Include="src\Entities\GameComponents.h">
      <Filter>src\Entities</Filter>
    </ClInclude>
    <ClInclude Include="src\Entities\StadiumController.h">
      <Filter>src\Entities</Filter>
    </ClInclude>
  </ItemGroup>
  <ItemGroup>
    <ClCompile Include="src\precomp.cpp">
      <Filter>src</Filter>
    </ClCompile>
    <ClCompile Include="src\Core\GameApp.cpp">
      <Filter>src\Core</Filter>
    </ClCompile>
    <ClCompile Include="src\Entities\CameraController.cpp">
      <Filter>src\Entities</Filter>
    </ClCompile>
    <ClCompile Include="src\Entities\StaticImage.cpp">
      <Filter>src\Entities</Filter>
    </ClCompile>
    <ClCompile Include="src\Entities\PlayerController.cpp">
      <Filter>src\Entities</Filter>
    </ClCompile>
    <ClCompile Include="src\Entities\BallController.cpp">
      <Filter>src\Entities</Filter>
    </ClCompile>
    <ClCompile Include="src\Entities\StadiumController.cpp">
      <Filter>src\Entities</Filter>
    </ClCompile>
  </ItemGroup>
  <ItemGroup>
    <None Include="packages.config" />
  </ItemGroup>
</Project>